// !$*UTF8*$!
{
	archiveVersion = 1;
	classes = {
	};
	objectVersion = 52;
	objects = {

/* Begin PBXBuildFile section */
		56A924472470D8CF005DED4E /* AppDelegate.swift in Sources */ = {isa = PBXBuildFile; fileRef = 56A924462470D8CF005DED4E /* AppDelegate.swift */; };
		56A924492470D8CF005DED4E /* SceneDelegate.swift in Sources */ = {isa = PBXBuildFile; fileRef = 56A924482470D8CF005DED4E /* SceneDelegate.swift */; };
		56A9244B2470D8CF005DED4E /* HomeView.swift in Sources */ = {isa = PBXBuildFile; fileRef = 56A9244A2470D8CF005DED4E /* HomeView.swift */; };
		56A9244D2470D8D3005DED4E /* Assets.xcassets in Resources */ = {isa = PBXBuildFile; fileRef = 56A9244C2470D8D3005DED4E /* Assets.xcassets */; };
		56A924502470D8D3005DED4E /* Preview Assets.xcassets in Resources */ = {isa = PBXBuildFile; fileRef = 56A9244F2470D8D3005DED4E /* Preview Assets.xcassets */; };
		56A924532470D8D3005DED4E /* LaunchScreen.storyboard in Resources */ = {isa = PBXBuildFile; fileRef = 56A924512470D8D3005DED4E /* LaunchScreen.storyboard */; };
		56B7C3B924722B2400FB71C8 /* WritingsView.swift in Sources */ = {isa = PBXBuildFile; fileRef = 56B7C3B824722B2400FB71C8 /* WritingsView.swift */; };
		56B7C3BD2472623700FB71C8 /* ArticleAPI.swift in Sources */ = {isa = PBXBuildFile; fileRef = 56B7C3BC2472623700FB71C8 /* ArticleAPI.swift */; };
		56B7C3C0247262F100FB71C8 /* Alamofire in Frameworks */ = {isa = PBXBuildFile; productRef = 56B7C3BF247262F100FB71C8 /* Alamofire */; };
		56B7C3C22472699A00FB71C8 /* types.swift in Sources */ = {isa = PBXBuildFile; fileRef = 56B7C3C12472699A00FB71C8 /* types.swift */; };
		56B7C3C42472715900FB71C8 /* util.swift in Sources */ = {isa = PBXBuildFile; fileRef = 56B7C3C32472715900FB71C8 /* util.swift */; };
		56B7C3C62472802000FB71C8 /* TagAPI.swift in Sources */ = {isa = PBXBuildFile; fileRef = 56B7C3C52472802000FB71C8 /* TagAPI.swift */; };
		56B7C3C82472811100FB71C8 /* SeriesAPI.swift in Sources */ = {isa = PBXBuildFile; fileRef = 56B7C3C72472811100FB71C8 /* SeriesAPI.swift */; };
		56B7C3CB2472816600FB71C8 /* ProjectAPI.swift in Sources */ = {isa = PBXBuildFile; fileRef = 56B7C3CA2472816600FB71C8 /* ProjectAPI.swift */; };
		56B7C3CE247281C000FB71C8 /* ResumeAPI.swift in Sources */ = {isa = PBXBuildFile; fileRef = 56B7C3CD247281C000FB71C8 /* ResumeAPI.swift */; };
		56DDC2362474CC750010D166 /* ArticleView.swift in Sources */ = {isa = PBXBuildFile; fileRef = 56DDC2352474CC750010D166 /* ArticleView.swift */; };
		56DDC2382474CC830010D166 /* ArticleViewModel.swift in Sources */ = {isa = PBXBuildFile; fileRef = 56DDC2372474CC830010D166 /* ArticleViewModel.swift */; };
		56DDC23A2474D1200010D166 /* BlogAPI.swift in Sources */ = {isa = PBXBuildFile; fileRef = 56DDC2392474D11F0010D166 /* BlogAPI.swift */; };
/* End PBXBuildFile section */

/* Begin PBXFileReference section */
		56A924432470D8CF005DED4E /* EvianBlog.app */ = {isa = PBXFileReference; explicitFileType = wrapper.application; includeInIndex = 0; path = EvianBlog.app; sourceTree = BUILT_PRODUCTS_DIR; };
		56A924462470D8CF005DED4E /* AppDelegate.swift */ = {isa = PBXFileReference; lastKnownFileType = sourcecode.swift; path = AppDelegate.swift; sourceTree = "<group>"; };
		56A924482470D8CF005DED4E /* SceneDelegate.swift */ = {isa = PBXFileReference; lastKnownFileType = sourcecode.swift; path = SceneDelegate.swift; sourceTree = "<group>"; };
		56A9244A2470D8CF005DED4E /* HomeView.swift */ = {isa = PBXFileReference; lastKnownFileType = sourcecode.swift; path = HomeView.swift; sourceTree = "<group>"; };
		56A9244C2470D8D3005DED4E /* Assets.xcassets */ = {isa = PBXFileReference; lastKnownFileType = folder.assetcatalog; path = Assets.xcassets; sourceTree = "<group>"; };
		56A9244F2470D8D3005DED4E /* Preview Assets.xcassets */ = {isa = PBXFileReference; lastKnownFileType = folder.assetcatalog; path = "Preview Assets.xcassets"; sourceTree = "<group>"; };
		56A924522470D8D3005DED4E /* Base */ = {isa = PBXFileReference; lastKnownFileType = file.storyboard; name = Base; path = Base.lproj/LaunchScreen.storyboard; sourceTree = "<group>"; };
		56A924542470D8D3005DED4E /* Info.plist */ = {isa = PBXFileReference; lastKnownFileType = text.plist.xml; path = Info.plist; sourceTree = "<group>"; };
		56A9245A2470D96F005DED4E /* .gitignore */ = {isa = PBXFileReference; lastKnownFileType = text; path = .gitignore; sourceTree = "<group>"; };
		56B7C3B824722B2400FB71C8 /* WritingsView.swift */ = {isa = PBXFileReference; lastKnownFileType = sourcecode.swift; path = WritingsView.swift; sourceTree = "<group>"; };
		56B7C3BC2472623700FB71C8 /* ArticleAPI.swift */ = {isa = PBXFileReference; lastKnownFileType = sourcecode.swift; path = ArticleAPI.swift; sourceTree = "<group>"; };
		56B7C3C12472699A00FB71C8 /* types.swift */ = {isa = PBXFileReference; lastKnownFileType = sourcecode.swift; path = types.swift; sourceTree = "<group>"; };
		56B7C3C32472715900FB71C8 /* util.swift */ = {isa = PBXFileReference; lastKnownFileType = sourcecode.swift; path = util.swift; sourceTree = "<group>"; };
		56B7C3C52472802000FB71C8 /* TagAPI.swift */ = {isa = PBXFileReference; lastKnownFileType = sourcecode.swift; path = TagAPI.swift; sourceTree = "<group>"; };
		56B7C3C72472811100FB71C8 /* SeriesAPI.swift */ = {isa = PBXFileReference; lastKnownFileType = sourcecode.swift; path = SeriesAPI.swift; sourceTree = "<group>"; };
		56B7C3CA2472816600FB71C8 /* ProjectAPI.swift */ = {isa = PBXFileReference; lastKnownFileType = sourcecode.swift; path = ProjectAPI.swift; sourceTree = "<group>"; };
		56B7C3CD247281C000FB71C8 /* ResumeAPI.swift */ = {isa = PBXFileReference; lastKnownFileType = sourcecode.swift; path = ResumeAPI.swift; sourceTree = "<group>"; };
		56DDC2352474CC750010D166 /* ArticleView.swift */ = {isa = PBXFileReference; lastKnownFileType = sourcecode.swift; path = ArticleView.swift; sourceTree = "<group>"; };
		56DDC2372474CC830010D166 /* ArticleViewModel.swift */ = {isa = PBXFileReference; lastKnownFileType = sourcecode.swift; path = ArticleViewModel.swift; sourceTree = "<group>"; };
		56DDC2392474D11F0010D166 /* BlogAPI.swift */ = {isa = PBXFileReference; lastKnownFileType = sourcecode.swift; path = BlogAPI.swift; sourceTree = "<group>"; };
/* End PBXFileReference section */

/* Begin PBXFrameworksBuildPhase section */
		56A924402470D8CF005DED4E /* Frameworks */ = {
			isa = PBXFrameworksBuildPhase;
			buildActionMask = 2147483647;
			files = (
				56B7C3C0247262F100FB71C8 /* Alamofire in Frameworks */,
			);
			runOnlyForDeploymentPostprocessing = 0;
		};
/* End PBXFrameworksBuildPhase section */

/* Begin PBXGroup section */
		56A9243A2470D8CF005DED4E = {
			isa = PBXGroup;
			children = (
				56A9245A2470D96F005DED4E /* .gitignore */,
				56A924452470D8CF005DED4E /* EvianBlog */,
				56A924442470D8CF005DED4E /* Products */,
			);
			sourceTree = "<group>";
		};
		56A924442470D8CF005DED4E /* Products */ = {
			isa = PBXGroup;
			children = (
				56A924432470D8CF005DED4E /* EvianBlog.app */,
			);
			name = Products;
			sourceTree = "<group>";
		};
		56A924452470D8CF005DED4E /* EvianBlog */ = {
			isa = PBXGroup;
			children = (
				56DDC2322474BD370010D166 /* views */,
				56A924462470D8CF005DED4E /* AppDelegate.swift */,
				56A924482470D8CF005DED4E /* SceneDelegate.swift */,
				56A9244C2470D8D3005DED4E /* Assets.xcassets */,
				56A924512470D8D3005DED4E /* LaunchScreen.storyboard */,
				56A924542470D8D3005DED4E /* Info.plist */,
				56A9244E2470D8D3005DED4E /* Preview Content */,
				56B7C3BA247261FF00FB71C8 /* api */,
			);
			path = EvianBlog;
			sourceTree = "<group>";
		};
		56A9244E2470D8D3005DED4E /* Preview Content */ = {
			isa = PBXGroup;
			children = (
				56A9244F2470D8D3005DED4E /* Preview Assets.xcassets */,
			);
			path = "Preview Content";
			sourceTree = "<group>";
		};
		56B7C3BA247261FF00FB71C8 /* api */ = {
			isa = PBXGroup;
			children = (
				56B7C3CC247281B400FB71C8 /* resume */,
				56B7C3C92472815700FB71C8 /* projects */,
				56B7C3BB2472620B00FB71C8 /* writings */,
				56B7C3C12472699A00FB71C8 /* types.swift */,
				56B7C3C32472715900FB71C8 /* util.swift */,
				56DDC2392474D11F0010D166 /* BlogAPI.swift */,
			);
			path = api;
			sourceTree = "<group>";
		};
		56B7C3BB2472620B00FB71C8 /* writings */ = {
			isa = PBXGroup;
			children = (
				56B7C3BC2472623700FB71C8 /* ArticleAPI.swift */,
				56B7C3C52472802000FB71C8 /* TagAPI.swift */,
				56B7C3C72472811100FB71C8 /* SeriesAPI.swift */,
			);
			path = writings;
			sourceTree = "<group>";
		};
		56B7C3C92472815700FB71C8 /* projects */ = {
			isa = PBXGroup;
			children = (
				56B7C3CA2472816600FB71C8 /* ProjectAPI.swift */,
			);
			path = projects;
			sourceTree = "<group>";
		};
		56B7C3CC247281B400FB71C8 /* resume */ = {
			isa = PBXGroup;
			children = (
				56B7C3CD247281C000FB71C8 /* ResumeAPI.swift */,
			);
			path = resume;
			sourceTree = "<group>";
		};
		56DDC2322474BD370010D166 /* views */ = {
			isa = PBXGroup;
			children = (
				56A9244A2470D8CF005DED4E /* HomeView.swift */,
				56DDC2332474BD4C0010D166 /* writings */,
			);
			path = views;
			sourceTree = "<group>";
		};
		56DDC2332474BD4C0010D166 /* writings */ = {
			isa = PBXGroup;
			children = (
				56B7C3B824722B2400FB71C8 /* WritingsView.swift */,
				56DDC2342474CC620010D166 /* article */,
			);
			path = writings;
			sourceTree = "<group>";
		};
		56DDC2342474CC620010D166 /* article */ = {
			isa = PBXGroup;
			children = (
				56DDC2352474CC750010D166 /* ArticleView.swift */,
				56DDC2372474CC830010D166 /* ArticleViewModel.swift */,
			);
			path = article;
			sourceTree = "<group>";
		};
/* End PBXGroup section */

/* Begin PBXNativeTarget section */
		56A924422470D8CF005DED4E /* EvianBlog */ = {
			isa = PBXNativeTarget;
			buildConfigurationList = 56A924572470D8D3005DED4E /* Build configuration list for PBXNativeTarget "EvianBlog" */;
			buildPhases = (
				56A9243F2470D8CF005DED4E /* Sources */,
				56A924402470D8CF005DED4E /* Frameworks */,
				56A924412470D8CF005DED4E /* Resources */,
			);
			buildRules = (
			);
			dependencies = (
			);
			name = EvianBlog;
			packageProductDependencies = (
				56B7C3BF247262F100FB71C8 /* Alamofire */,
			);
			productName = EvianBlog;
			productReference = 56A924432470D8CF005DED4E /* EvianBlog.app */;
			productType = "com.apple.product-type.application";
		};
/* End PBXNativeTarget section */

/* Begin PBXProject section */
		56A9243B2470D8CF005DED4E /* Project object */ = {
			isa = PBXProject;
			attributes = {
				LastSwiftUpdateCheck = 1140;
				LastUpgradeCheck = 1140;
				ORGANIZATIONNAME = "Evian张";
				TargetAttributes = {
					56A924422470D8CF005DED4E = {
						CreatedOnToolsVersion = 11.4.1;
					};
				};
			};
			buildConfigurationList = 56A9243E2470D8CF005DED4E /* Build configuration list for PBXProject "EvianBlog" */;
			compatibilityVersion = "Xcode 9.3";
			developmentRegion = en;
			hasScannedForEncodings = 0;
			knownRegions = (
				en,
				Base,
			);
			mainGroup = 56A9243A2470D8CF005DED4E;
			packageReferences = (
				56B7C3BE247262F100FB71C8 /* XCRemoteSwiftPackageReference "Alamofire" */,
			);
			productRefGroup = 56A924442470D8CF005DED4E /* Products */;
			projectDirPath = "";
			projectRoot = "";
			targets = (
				56A924422470D8CF005DED4E /* EvianBlog */,
			);
		};
/* End PBXProject section */

/* Begin PBXResourcesBuildPhase section */
		56A924412470D8CF005DED4E /* Resources */ = {
			isa = PBXResourcesBuildPhase;
			buildActionMask = 2147483647;
			files = (
				56A924532470D8D3005DED4E /* LaunchScreen.storyboard in Resources */,
				56A924502470D8D3005DED4E /* Preview Assets.xcassets in Resources */,
				56A9244D2470D8D3005DED4E /* Assets.xcassets in Resources */,
			);
			runOnlyForDeploymentPostprocessing = 0;
		};
/* End PBXResourcesBuildPhase section */

/* Begin PBXSourcesBuildPhase section */
		56A9243F2470D8CF005DED4E /* Sources */ = {
			isa = PBXSourcesBuildPhase;
			buildActionMask = 2147483647;
			files = (
				56B7C3C42472715900FB71C8 /* util.swift in Sources */,
				56A924472470D8CF005DED4E /* AppDelegate.swift in Sources */,
				56DDC2382474CC830010D166 /* ArticleViewModel.swift in Sources */,
				56B7C3CB2472816600FB71C8 /* ProjectAPI.swift in Sources */,
				56A924492470D8CF005DED4E /* SceneDelegate.swift in Sources */,
				56B7C3C82472811100FB71C8 /* SeriesAPI.swift in Sources */,
				56B7C3BD2472623700FB71C8 /* ArticleAPI.swift in Sources */,
				56B7C3CE247281C000FB71C8 /* ResumeAPI.swift in Sources */,
				56DDC23A2474D1200010D166 /* BlogAPI.swift in Sources */,
				56DDC2362474CC750010D166 /* ArticleView.swift in Sources */,
				56B7C3C22472699A00FB71C8 /* types.swift in Sources */,
				56B7C3C62472802000FB71C8 /* TagAPI.swift in Sources */,
				56A9244B2470D8CF005DED4E /* HomeView.swift in Sources */,
				56B7C3B924722B2400FB71C8 /* WritingsView.swift in Sources */,
			);
			runOnlyForDeploymentPostprocessing = 0;
		};
/* End PBXSourcesBuildPhase section */

/* Begin PBXVariantGroup section */
		56A924512470D8D3005DED4E /* LaunchScreen.storyboard */ = {
			isa = PBXVariantGroup;
			children = (
				56A924522470D8D3005DED4E /* Base */,
			);
			name = LaunchScreen.storyboard;
			sourceTree = "<group>";
		};
/* End PBXVariantGroup section */

/* Begin XCBuildConfiguration section */
		56A924552470D8D3005DED4E /* Debug */ = {
			isa = XCBuildConfiguration;
			buildSettings = {
				ALWAYS_SEARCH_USER_PATHS = NO;
				CLANG_ANALYZER_NONNULL = YES;
				CLANG_ANALYZER_NUMBER_OBJECT_CONVERSION = YES_AGGRESSIVE;
				CLANG_CXX_LANGUAGE_STANDARD = "gnu++14";
				CLANG_CXX_LIBRARY = "libc++";
				CLANG_ENABLE_MODULES = YES;
				CLANG_ENABLE_OBJC_ARC = YES;
				CLANG_ENABLE_OBJC_WEAK = YES;
				CLANG_WARN_BLOCK_CAPTURE_AUTORELEASING = YES;
				CLANG_WARN_BOOL_CONVERSION = YES;
				CLANG_WARN_COMMA = YES;
				CLANG_WARN_CONSTANT_CONVERSION = YES;
				CLANG_WARN_DEPRECATED_OBJC_IMPLEMENTATIONS = YES;
				CLANG_WARN_DIRECT_OBJC_ISA_USAGE = YES_ERROR;
				CLANG_WARN_DOCUMENTATION_COMMENTS = YES;
				CLANG_WARN_EMPTY_BODY = YES;
				CLANG_WARN_ENUM_CONVERSION = YES;
				CLANG_WARN_INFINITE_RECURSION = YES;
				CLANG_WARN_INT_CONVERSION = YES;
				CLANG_WARN_NON_LITERAL_NULL_CONVERSION = YES;
				CLANG_WARN_OBJC_IMPLICIT_RETAIN_SELF = YES;
				CLANG_WARN_OBJC_LITERAL_CONVERSION = YES;
				CLANG_WARN_OBJC_ROOT_CLASS = YES_ERROR;
				CLANG_WARN_RANGE_LOOP_ANALYSIS = YES;
				CLANG_WARN_STRICT_PROTOTYPES = YES;
				CLANG_WARN_SUSPICIOUS_MOVE = YES;
				CLANG_WARN_UNGUARDED_AVAILABILITY = YES_AGGRESSIVE;
				CLANG_WARN_UNREACHABLE_CODE = YES;
				CLANG_WARN__DUPLICATE_METHOD_MATCH = YES;
				COPY_PHASE_STRIP = NO;
				DEBUG_INFORMATION_FORMAT = dwarf;
				ENABLE_STRICT_OBJC_MSGSEND = YES;
				ENABLE_TESTABILITY = YES;
				GCC_C_LANGUAGE_STANDARD = gnu11;
				GCC_DYNAMIC_NO_PIC = NO;
				GCC_NO_COMMON_BLOCKS = YES;
				GCC_OPTIMIZATION_LEVEL = 0;
				GCC_PREPROCESSOR_DEFINITIONS = (
					"DEBUG=1",
					"$(inherited)",
				);
				GCC_WARN_64_TO_32_BIT_CONVERSION = YES;
				GCC_WARN_ABOUT_RETURN_TYPE = YES_ERROR;
				GCC_WARN_UNDECLARED_SELECTOR = YES;
				GCC_WARN_UNINITIALIZED_AUTOS = YES_AGGRESSIVE;
				GCC_WARN_UNUSED_FUNCTION = YES;
				GCC_WARN_UNUSED_VARIABLE = YES;
				IPHONEOS_DEPLOYMENT_TARGET = 13.4;
				MTL_ENABLE_DEBUG_INFO = INCLUDE_SOURCE;
				MTL_FAST_MATH = YES;
				ONLY_ACTIVE_ARCH = YES;
				SDKROOT = iphoneos;
				SWIFT_ACTIVE_COMPILATION_CONDITIONS = DEBUG;
				SWIFT_OPTIMIZATION_LEVEL = "-Onone";
			};
			name = Debug;
		};
		56A924562470D8D3005DED4E /* Release */ = {
			isa = XCBuildConfiguration;
			buildSettings = {
				ALWAYS_SEARCH_USER_PATHS = NO;
				CLANG_ANALYZER_NONNULL = YES;
				CLANG_ANALYZER_NUMBER_OBJECT_CONVERSION = YES_AGGRESSIVE;
				CLANG_CXX_LANGUAGE_STANDARD = "gnu++14";
				CLANG_CXX_LIBRARY = "libc++";
				CLANG_ENABLE_MODULES = YES;
				CLANG_ENABLE_OBJC_ARC = YES;
				CLANG_ENABLE_OBJC_WEAK = YES;
				CLANG_WARN_BLOCK_CAPTURE_AUTORELEASING = YES;
				CLANG_WARN_BOOL_CONVERSION = YES;
				CLANG_WARN_COMMA = YES;
				CLANG_WARN_CONSTANT_CONVERSION = YES;
				CLANG_WARN_DEPRECATED_OBJC_IMPLEMENTATIONS = YES;
				CLANG_WARN_DIRECT_OBJC_ISA_USAGE = YES_ERROR;
				CLANG_WARN_DOCUMENTATION_COMMENTS = YES;
				CLANG_WARN_EMPTY_BODY = YES;
				CLANG_WARN_ENUM_CONVERSION = YES;
				CLANG_WARN_INFINITE_RECURSION = YES;
				CLANG_WARN_INT_CONVERSION = YES;
				CLANG_WARN_NON_LITERAL_NULL_CONVERSION = YES;
				CLANG_WARN_OBJC_IMPLICIT_RETAIN_SELF = YES;
				CLANG_WARN_OBJC_LITERAL_CONVERSION = YES;
				CLANG_WARN_OBJC_ROOT_CLASS = YES_ERROR;
				CLANG_WARN_RANGE_LOOP_ANALYSIS = YES;
				CLANG_WARN_STRICT_PROTOTYPES = YES;
				CLANG_WARN_SUSPICIOUS_MOVE = YES;
				CLANG_WARN_UNGUARDED_AVAILABILITY = YES_AGGRESSIVE;
				CLANG_WARN_UNREACHABLE_CODE = YES;
				CLANG_WARN__DUPLICATE_METHOD_MATCH = YES;
				COPY_PHASE_STRIP = NO;
				DEBUG_INFORMATION_FORMAT = "dwarf-with-dsym";
				ENABLE_NS_ASSERTIONS = NO;
				ENABLE_STRICT_OBJC_MSGSEND = YES;
				GCC_C_LANGUAGE_STANDARD = gnu11;
				GCC_NO_COMMON_BLOCKS = YES;
				GCC_WARN_64_TO_32_BIT_CONVERSION = YES;
				GCC_WARN_ABOUT_RETURN_TYPE = YES_ERROR;
				GCC_WARN_UNDECLARED_SELECTOR = YES;
				GCC_WARN_UNINITIALIZED_AUTOS = YES_AGGRESSIVE;
				GCC_WARN_UNUSED_FUNCTION = YES;
				GCC_WARN_UNUSED_VARIABLE = YES;
				IPHONEOS_DEPLOYMENT_TARGET = 13.4;
				MTL_ENABLE_DEBUG_INFO = NO;
				MTL_FAST_MATH = YES;
				SDKROOT = iphoneos;
				SWIFT_COMPILATION_MODE = wholemodule;
				SWIFT_OPTIMIZATION_LEVEL = "-O";
				VALIDATE_PRODUCT = YES;
			};
			name = Release;
		};
		56A924582470D8D3005DED4E /* Debug */ = {
			isa = XCBuildConfiguration;
			buildSettings = {
				ASSETCATALOG_COMPILER_APPICON_NAME = AppIcon;
				CODE_SIGN_STYLE = Automatic;
				DEVELOPMENT_ASSET_PATHS = "\"EvianBlog/Preview Content\"";
				DEVELOPMENT_TEAM = C9474Z9GXV;
				ENABLE_PREVIEWS = YES;
				INFOPLIST_FILE = EvianBlog/Info.plist;
				IPHONEOS_DEPLOYMENT_TARGET = 13.4;
				LD_RUNPATH_SEARCH_PATHS = (
					"$(inherited)",
					"@executable_path/Frameworks",
				);
				PRODUCT_BUNDLE_IDENTIFIER = "top.evian-zhang.EvianBlog";
				PRODUCT_NAME = "$(TARGET_NAME)";
				SWIFT_VERSION = 5.0;
				TARGETED_DEVICE_FAMILY = "1,2";
			};
			name = Debug;
		};
		56A924592470D8D3005DED4E /* Release */ = {
			isa = XCBuildConfiguration;
			buildSettings = {
				ASSETCATALOG_COMPILER_APPICON_NAME = AppIcon;
				CODE_SIGN_STYLE = Automatic;
				DEVELOPMENT_ASSET_PATHS = "\"EvianBlog/Preview Content\"";
				DEVELOPMENT_TEAM = C9474Z9GXV;
				ENABLE_PREVIEWS = YES;
				INFOPLIST_FILE = EvianBlog/Info.plist;
				IPHONEOS_DEPLOYMENT_TARGET = 13.4;
				LD_RUNPATH_SEARCH_PATHS = (
					"$(inherited)",
					"@executable_path/Frameworks",
				);
				PRODUCT_BUNDLE_IDENTIFIER = "top.evian-zhang.EvianBlog";
				PRODUCT_NAME = "$(TARGET_NAME)";
				SWIFT_VERSION = 5.0;
				TARGETED_DEVICE_FAMILY = "1,2";
			};
			name = Release;
		};
/* End XCBuildConfiguration section */

/* Begin XCConfigurationList section */
		56A9243E2470D8CF005DED4E /* Build configuration list for PBXProject "EvianBlog" */ = {
			isa = XCConfigurationList;
			buildConfigurations = (
				56A924552470D8D3005DED4E /* Debug */,
				56A924562470D8D3005DED4E /* Release */,
			);
			defaultConfigurationIsVisible = 0;
			defaultConfigurationName = Release;
		};
		56A924572470D8D3005DED4E /* Build configuration list for PBXNativeTarget "EvianBlog" */ = {
			isa = XCConfigurationList;
			buildConfigurations = (
				56A924582470D8D3005DED4E /* Debug */,
				56A924592470D8D3005DED4E /* Release */,
			);
			defaultConfigurationIsVisible = 0;
			defaultConfigurationName = Release;
		};
/* End XCConfigurationList section */

/* Begin XCRemoteSwiftPackageReference section */
		56B7C3BE247262F100FB71C8 /* XCRemoteSwiftPackageReference "Alamofire" */ = {
			isa = XCRemoteSwiftPackageReference;
			repositoryURL = "https://github.com/Alamofire/Alamofire.git";
			requirement = {
				kind = upToNextMajorVersion;
				minimumVersion = 5.2.0;
			};
		};
/* End XCRemoteSwiftPackageReference section */

/* Begin XCSwiftPackageProductDependency section */
		56B7C3BF247262F100FB71C8 /* Alamofire */ = {
			isa = XCSwiftPackageProductDependency;
			package = 56B7C3BE247262F100FB71C8 /* XCRemoteSwiftPackageReference "Alamofire" */;
			productName = Alamofire;
		};
/* End XCSwiftPackageProductDependency section */
	};
	rootObject = 56A9243B2470D8CF005DED4E /* Project object */;
}
